// !$*UTF8*$!
{
	archiveVersion = 1;
	classes = {
	};
	objectVersion = 50;
	objects = {

/* Begin PBXBuildFile section */
		34A8D7A6218DEE5D00640084 /* AppDelegate.swift in Sources */ = {isa = PBXBuildFile; fileRef = 34A8D7A5218DEE5D00640084 /* AppDelegate.swift */; };
		34A8D7A8218DEE5D00640084 /* ViewController.swift in Sources */ = {isa = PBXBuildFile; fileRef = 34A8D7A7218DEE5D00640084 /* ViewController.swift */; };
		34A8D7AB218DEE5D00640084 /* Main.storyboard in Resources */ = {isa = PBXBuildFile; fileRef = 34A8D7A9218DEE5D00640084 /* Main.storyboard */; };
		34A8D7AD218DEE5F00640084 /* Assets.xcassets in Resources */ = {isa = PBXBuildFile; fileRef = 34A8D7AC218DEE5F00640084 /* Assets.xcassets */; };
		34A8D7B0218DEE5F00640084 /* LaunchScreen.storyboard in Resources */ = {isa = PBXBuildFile; fileRef = 34A8D7AE218DEE5F00640084 /* LaunchScreen.storyboard */; };
		34A8D7BB218DEED900640084 /* EventHandler.swift in Sources */ = {isa = PBXBuildFile; fileRef = 34A8D7BA218DEED900640084 /* EventHandler.swift */; };
		D3C87C9B1DD57B956B7B1979 /* Pods_BetterPolitics.framework in Frameworks */ = {isa = PBXBuildFile; fileRef = 875FC72E170277B0596F6FF6 /* Pods_BetterPolitics.framework */; };
/* End PBXBuildFile section */

/* Begin PBXFileReference section */
		34A8D7A2218DEE5D00640084 /* BetterPolitics.app */ = {isa = PBXFileReference; explicitFileType = wrapper.application; includeInIndex = 0; path = BetterPolitics.app; sourceTree = BUILT_PRODUCTS_DIR; };
		34A8D7A5218DEE5D00640084 /* AppDelegate.swift */ = {isa = PBXFileReference; lastKnownFileType = sourcecode.swift; path = AppDelegate.swift; sourceTree = "<group>"; };
		34A8D7A7218DEE5D00640084 /* ViewController.swift */ = {isa = PBXFileReference; lastKnownFileType = sourcecode.swift; path = ViewController.swift; sourceTree = "<group>"; };
		34A8D7AA218DEE5D00640084 /* Base */ = {isa = PBXFileReference; lastKnownFileType = file.storyboard; name = Base; path = Base.lproj/Main.storyboard; sourceTree = "<group>"; };
		34A8D7AC218DEE5F00640084 /* Assets.xcassets */ = {isa = PBXFileReference; lastKnownFileType = folder.assetcatalog; path = Assets.xcassets; sourceTree = "<group>"; };
		34A8D7AF218DEE5F00640084 /* Base */ = {isa = PBXFileReference; lastKnownFileType = file.storyboard; name = Base; path = Base.lproj/LaunchScreen.storyboard; sourceTree = "<group>"; };
		34A8D7B1218DEE5F00640084 /* Info.plist */ = {isa = PBXFileReference; lastKnownFileType = text.plist.xml; path = Info.plist; sourceTree = "<group>"; };
		34A8D7BA218DEED900640084 /* EventHandler.swift */ = {isa = PBXFileReference; lastKnownFileType = sourcecode.swift; path = EventHandler.swift; sourceTree = "<group>"; };
		875FC72E170277B0596F6FF6 /* Pods_BetterPolitics.framework */ = {isa = PBXFileReference; explicitFileType = wrapper.framework; includeInIndex = 0; path = Pods_BetterPolitics.framework; sourceTree = BUILT_PRODUCTS_DIR; };
		A9FDC962C879FB4F8D58569A /* Pods-BetterPolitics.debug.xcconfig */ = {isa = PBXFileReference; includeInIndex = 1; lastKnownFileType = text.xcconfig; name = "Pods-BetterPolitics.debug.xcconfig"; path = "Pods/Target Support Files/Pods-BetterPolitics/Pods-BetterPolitics.debug.xcconfig"; sourceTree = "<group>"; };
		E87C2B13C683317BBAF49140 /* Pods-BetterPolitics.release.xcconfig */ = {isa = PBXFileReference; includeInIndex = 1; lastKnownFileType = text.xcconfig; name = "Pods-BetterPolitics.release.xcconfig"; path = "Pods/Target Support Files/Pods-BetterPolitics/Pods-BetterPolitics.release.xcconfig"; sourceTree = "<group>"; };
/* End PBXFileReference section */

/* Begin PBXFrameworksBuildPhase section */
		34A8D79F218DEE5D00640084 /* Frameworks */ = {
			isa = PBXFrameworksBuildPhase;
			buildActionMask = 2147483647;
			files = (
				D3C87C9B1DD57B956B7B1979 /* Pods_BetterPolitics.framework in Frameworks */,
			);
			runOnlyForDeploymentPostprocessing = 0;
		};
/* End PBXFrameworksBuildPhase section */

/* Begin PBXGroup section */
		34A8D799218DEE5D00640084 = {
			isa = PBXGroup;
			children = (
				34A8D7A4218DEE5D00640084 /* BetterPolitics */,
				34A8D7A3218DEE5D00640084 /* Products */,
				A1AF271B4BEC68DC2D3948C1 /* Pods */,
				4AC304F8687E9EA339BE26C4 /* Frameworks */,
			);
			sourceTree = "<group>";
		};
		34A8D7A3218DEE5D00640084 /* Products */ = {
			isa = PBXGroup;
			children = (
				34A8D7A2218DEE5D00640084 /* BetterPolitics.app */,
			);
			name = Products;
			sourceTree = "<group>";
		};
		34A8D7A4218DEE5D00640084 /* BetterPolitics */ = {
			isa = PBXGroup;
			children = (
				34A8D7B9218DEE9C00640084 /* Views */,
				34A8D7B8218DEE9400640084 /* Classes */,
				34A8D7B7218DEE8C00640084 /* Handlers */,
				34A8D7A5218DEE5D00640084 /* AppDelegate.swift */,
				34A8D7A7218DEE5D00640084 /* ViewController.swift */,
				34A8D7A9218DEE5D00640084 /* Main.storyboard */,
				34A8D7AC218DEE5F00640084 /* Assets.xcassets */,
				34A8D7AE218DEE5F00640084 /* LaunchScreen.storyboard */,
				34A8D7B1218DEE5F00640084 /* Info.plist */,
			);
			path = BetterPolitics;
			sourceTree = "<group>";
		};
		34A8D7B7218DEE8C00640084 /* Handlers */ = {
			isa = PBXGroup;
			children = (
				34A8D7BA218DEED900640084 /* EventHandler.swift */,
			);
			path = Handlers;
			sourceTree = "<group>";
		};
		34A8D7B8218DEE9400640084 /* Classes */ = {
			isa = PBXGroup;
			children = (
			);
			path = Classes;
			sourceTree = "<group>";
		};
		34A8D7B9218DEE9C00640084 /* Views */ = {
			isa = PBXGroup;
			children = (
			);
			path = Views;
			sourceTree = "<group>";
		};
		4AC304F8687E9EA339BE26C4 /* Frameworks */ = {
			isa = PBXGroup;
			children = (
				875FC72E170277B0596F6FF6 /* Pods_BetterPolitics.framework */,
			);
			name = Frameworks;
			sourceTree = "<group>";
		};
		A1AF271B4BEC68DC2D3948C1 /* Pods */ = {
			isa = PBXGroup;
			children = (
				A9FDC962C879FB4F8D58569A /* Pods-BetterPolitics.debug.xcconfig */,
				E87C2B13C683317BBAF49140 /* Pods-BetterPolitics.release.xcconfig */,
			);
			name = Pods;
			sourceTree = "<group>";
		};
/* End PBXGroup section */

/* Begin PBXNativeTarget section */
		34A8D7A1218DEE5D00640084 /* BetterPolitics */ = {
			isa = PBXNativeTarget;
			buildConfigurationList = 34A8D7B4218DEE5F00640084 /* Build configuration list for PBXNativeTarget "BetterPolitics" */;
			buildPhases = (
				91DE30656A704D5DAEBDBB40 /* [CP] Check Pods Manifest.lock */,
				34A8D79E218DEE5D00640084 /* Sources */,
				34A8D79F218DEE5D00640084 /* Frameworks */,
				34A8D7A0218DEE5D00640084 /* Resources */,
				27F69521F03F7C6FBCB48915 /* [CP] Embed Pods Frameworks */,
			);
			buildRules = (
			);
			dependencies = (
			);
			name = BetterPolitics;
			productName = BetterPolitics;
			productReference = 34A8D7A2218DEE5D00640084 /* BetterPolitics.app */;
			productType = "com.apple.product-type.application";
		};
/* End PBXNativeTarget section */

/* Begin PBXProject section */
		34A8D79A218DEE5D00640084 /* Project object */ = {
			isa = PBXProject;
			attributes = {
				LastSwiftUpdateCheck = 1010;
				LastUpgradeCheck = 1010;
				ORGANIZATIONNAME = "Matthew Jagiela";
				TargetAttributes = {
					34A8D7A1218DEE5D00640084 = {
						CreatedOnToolsVersion = 10.1;
					};
				};
			};
			buildConfigurationList = 34A8D79D218DEE5D00640084 /* Build configuration list for PBXProject "BetterPolitics" */;
			compatibilityVersion = "Xcode 9.3";
			developmentRegion = en;
			hasScannedForEncodings = 0;
			knownRegions = (
				en,
				Base,
			);
			mainGroup = 34A8D799218DEE5D00640084;
			productRefGroup = 34A8D7A3218DEE5D00640084 /* Products */;
			projectDirPath = "";
			projectRoot = "";
			targets = (
				34A8D7A1218DEE5D00640084 /* BetterPolitics */,
			);
		};
/* End PBXProject section */

/* Begin PBXResourcesBuildPhase section */
		34A8D7A0218DEE5D00640084 /* Resources */ = {
			isa = PBXResourcesBuildPhase;
			buildActionMask = 2147483647;
			files = (
				34A8D7B0218DEE5F00640084 /* LaunchScreen.storyboard in Resources */,
				34A8D7AD218DEE5F00640084 /* Assets.xcassets in Resources */,
				34A8D7AB218DEE5D00640084 /* Main.storyboard in Resources */,
			);
			runOnlyForDeploymentPostprocessing = 0;
		};
/* End PBXResourcesBuildPhase section */

/* Begin PBXShellScriptBuildPhase section */
		27F69521F03F7C6FBCB48915 /* [CP] Embed Pods Frameworks */ = {
			isa = PBXShellScriptBuildPhase;
			buildActionMask = 2147483647;
			files = (
			);
			inputPaths = (
				"${SRCROOT}/Pods/Target Support Files/Pods-BetterPolitics/Pods-BetterPolitics-frameworks.sh",
				"${BUILT_PRODUCTS_DIR}/SwiftSoup/SwiftSoup.framework",
			);
			name = "[CP] Embed Pods Frameworks";
			outputPaths = (
				"${TARGET_BUILD_DIR}/${FRAMEWORKS_FOLDER_PATH}/SwiftSoup.framework",
			);
			runOnlyForDeploymentPostprocessing = 0;
			shellPath = /bin/sh;
			shellScript = "\"${SRCROOT}/Pods/Target Support Files/Pods-BetterPolitics/Pods-BetterPolitics-frameworks.sh\"\n";
			showEnvVarsInLog = 0;
		};
		91DE30656A704D5DAEBDBB40 /* [CP] Check Pods Manifest.lock */ = {
			isa = PBXShellScriptBuildPhase;
			buildActionMask = 2147483647;
			files = (
			);
			inputPaths = (
				"${PODS_PODFILE_DIR_PATH}/Podfile.lock",
				"${PODS_ROOT}/Manifest.lock",
			);
			name = "[CP] Check Pods Manifest.lock";
			outputPaths = (
				"$(DERIVED_FILE_DIR)/Pods-BetterPolitics-checkManifestLockResult.txt",
			);
			runOnlyForDeploymentPostprocessing = 0;
			shellPath = /bin/sh;
			shellScript = "diff \"${PODS_PODFILE_DIR_PATH}/Podfile.lock\" \"${PODS_ROOT}/Manifest.lock\" > /dev/null\nif [ $? != 0 ] ; then\n    # print error to STDERR\n    echo \"error: The sandbox is not in sync with the Podfile.lock. Run 'pod install' or update your CocoaPods installation.\" >&2\n    exit 1\nfi\n# This output is used by Xcode 'outputs' to avoid re-running this script phase.\necho \"SUCCESS\" > \"${SCRIPT_OUTPUT_FILE_0}\"\n";
			showEnvVarsInLog = 0;
		};
/* End PBXShellScriptBuildPhase section */

/* Begin PBXSourcesBuildPhase section */
		34A8D79E218DEE5D00640084 /* Sources */ = {
			isa = PBXSourcesBuildPhase;
			buildActionMask = 2147483647;
			files = (
				34A8D7A8218DEE5D00640084 /* ViewController.swift in Sources */,
				34A8D7BB218DEED900640084 /* EventHandler.swift in Sources */,
				34A8D7A6218DEE5D00640084 /* AppDelegate.swift in Sources */,
			);
			runOnlyForDeploymentPostprocessing = 0;
		};
/* End PBXSourcesBuildPhase section */

/* Begin PBXVariantGroup section */
		34A8D7A9218DEE5D00640084 /* Main.storyboard */ = {
			isa = PBXVariantGroup;
			children = (
				34A8D7AA218DEE5D00640084 /* Base */,
			);
			name = Main.storyboard;
			sourceTree = "<group>";
		};
		34A8D7AE218DEE5F00640084 /* LaunchScreen.storyboard */ = {
			isa = PBXVariantGroup;
			children = (
				34A8D7AF218DEE5F00640084 /* Base */,
			);
			name = LaunchScreen.storyboard;
			sourceTree = "<group>";
		};
/* End PBXVariantGroup section */

/* Begin XCBuildConfiguration section */
		34A8D7B2218DEE5F00640084 /* Debug */ = {
			isa = XCBuildConfiguration;
			buildSettings = {
				ALWAYS_SEARCH_USER_PATHS = NO;
				CLANG_ANALYZER_NONNULL = YES;
				CLANG_ANALYZER_NUMBER_OBJECT_CONVERSION = YES_AGGRESSIVE;
				CLANG_CXX_LANGUAGE_STANDARD = "gnu++14";
				CLANG_CXX_LIBRARY = "libc++";
				CLANG_ENABLE_MODULES = YES;
				CLANG_ENABLE_OBJC_ARC = YES;
				CLANG_ENABLE_OBJC_WEAK = YES;
				CLANG_WARN_BLOCK_CAPTURE_AUTORELEASING = YES;
				CLANG_WARN_BOOL_CONVERSION = YES;
				CLANG_WARN_COMMA = YES;
				CLANG_WARN_CONSTANT_CONVERSION = YES;
				CLANG_WARN_DEPRECATED_OBJC_IMPLEMENTATIONS = YES;
				CLANG_WARN_DIRECT_OBJC_ISA_USAGE = YES_ERROR;
				CLANG_WARN_DOCUMENTATION_COMMENTS = YES;
				CLANG_WARN_EMPTY_BODY = YES;
				CLANG_WARN_ENUM_CONVERSION = YES;
				CLANG_WARN_INFINITE_RECURSION = YES;
				CLANG_WARN_INT_CONVERSION = YES;
				CLANG_WARN_NON_LITERAL_NULL_CONVERSION = YES;
				CLANG_WARN_OBJC_IMPLICIT_RETAIN_SELF = YES;
				CLANG_WARN_OBJC_LITERAL_CONVERSION = YES;
				CLANG_WARN_OBJC_ROOT_CLASS = YES_ERROR;
				CLANG_WARN_RANGE_LOOP_ANALYSIS = YES;
				CLANG_WARN_STRICT_PROTOTYPES = YES;
				CLANG_WARN_SUSPICIOUS_MOVE = YES;
				CLANG_WARN_UNGUARDED_AVAILABILITY = YES_AGGRESSIVE;
				CLANG_WARN_UNREACHABLE_CODE = YES;
				CLANG_WARN__DUPLICATE_METHOD_MATCH = YES;
				CODE_SIGN_IDENTITY = "iPhone Developer";
				COPY_PHASE_STRIP = NO;
				DEBUG_INFORMATION_FORMAT = dwarf;
				ENABLE_STRICT_OBJC_MSGSEND = YES;
				ENABLE_TESTABILITY = YES;
				GCC_C_LANGUAGE_STANDARD = gnu11;
				GCC_DYNAMIC_NO_PIC = NO;
				GCC_NO_COMMON_BLOCKS = YES;
				GCC_OPTIMIZATION_LEVEL = 0;
				GCC_PREPROCESSOR_DEFINITIONS = (
					"DEBUG=1",
					"$(inherited)",
				);
				GCC_WARN_64_TO_32_BIT_CONVERSION = YES;
				GCC_WARN_ABOUT_RETURN_TYPE = YES_ERROR;
				GCC_WARN_UNDECLARED_SELECTOR = YES;
				GCC_WARN_UNINITIALIZED_AUTOS = YES_AGGRESSIVE;
				GCC_WARN_UNUSED_FUNCTION = YES;
				GCC_WARN_UNUSED_VARIABLE = YES;
				IPHONEOS_DEPLOYMENT_TARGET = 12.1;
				MTL_ENABLE_DEBUG_INFO = INCLUDE_SOURCE;
				MTL_FAST_MATH = YES;
				ONLY_ACTIVE_ARCH = YES;
				SDKROOT = iphoneos;
				SWIFT_ACTIVE_COMPILATION_CONDITIONS = DEBUG;
				SWIFT_OPTIMIZATION_LEVEL = "-Onone";
			};
			name = Debug;
		};
		34A8D7B3218DEE5F00640084 /* Release */ = {
			isa = XCBuildConfiguration;
			buildSettings = {
				ALWAYS_SEARCH_USER_PATHS = NO;
				CLANG_ANALYZER_NONNULL = YES;
				CLANG_ANALYZER_NUMBER_OBJECT_CONVERSION = YES_AGGRESSIVE;
				CLANG_CXX_LANGUAGE_STANDARD = "gnu++14";
				CLANG_CXX_LIBRARY = "libc++";
				CLANG_ENABLE_MODULES = YES;
				CLANG_ENABLE_OBJC_ARC = YES;
				CLANG_ENABLE_OBJC_WEAK = YES;
				CLANG_WARN_BLOCK_CAPTURE_AUTORELEASING = YES;
				CLANG_WARN_BOOL_CONVERSION = YES;
				CLANG_WARN_COMMA = YES;
				CLANG_WARN_CONSTANT_CONVERSION = YES;
				CLANG_WARN_DEPRECATED_OBJC_IMPLEMENTATIONS = YES;
				CLANG_WARN_DIRECT_OBJC_ISA_USAGE = YES_ERROR;
				CLANG_WARN_DOCUMENTATION_COMMENTS = YES;
				CLANG_WARN_EMPTY_BODY = YES;
				CLANG_WARN_ENUM_CONVERSION = YES;
				CLANG_WARN_INFINITE_RECURSION = YES;
				CLANG_WARN_INT_CONVERSION = YES;
				CLANG_WARN_NON_LITERAL_NULL_CONVERSION = YES;
				CLANG_WARN_OBJC_IMPLICIT_RETAIN_SELF = YES;
				CLANG_WARN_OBJC_LITERAL_CONVERSION = YES;
				CLANG_WARN_OBJC_ROOT_CLASS = YES_ERROR;
				CLANG_WARN_RANGE_LOOP_ANALYSIS = YES;
				CLANG_WARN_STRICT_PROTOTYPES = YES;
				CLANG_WARN_SUSPICIOUS_MOVE = YES;
				CLANG_WARN_UNGUARDED_AVAILABILITY = YES_AGGRESSIVE;
				CLANG_WARN_UNREACHABLE_CODE = YES;
				CLANG_WARN__DUPLICATE_METHOD_MATCH = YES;
				CODE_SIGN_IDENTITY = "iPhone Developer";
				COPY_PHASE_STRIP = NO;
				DEBUG_INFORMATION_FORMAT = "dwarf-with-dsym";
				ENABLE_NS_ASSERTIONS = NO;
				ENABLE_STRICT_OBJC_MSGSEND = YES;
				GCC_C_LANGUAGE_STANDARD = gnu11;
				GCC_NO_COMMON_BLOCKS = YES;
				GCC_WARN_64_TO_32_BIT_CONVERSION = YES;
				GCC_WARN_ABOUT_RETURN_TYPE = YES_ERROR;
				GCC_WARN_UNDECLARED_SELECTOR = YES;
				GCC_WARN_UNINITIALIZED_AUTOS = YES_AGGRESSIVE;
				GCC_WARN_UNUSED_FUNCTION = YES;
				GCC_WARN_UNUSED_VARIABLE = YES;
				IPHONEOS_DEPLOYMENT_TARGET = 12.1;
				MTL_ENABLE_DEBUG_INFO = NO;
				MTL_FAST_MATH = YES;
				SDKROOT = iphoneos;
				SWIFT_COMPILATION_MODE = wholemodule;
				SWIFT_OPTIMIZATION_LEVEL = "-O";
				VALIDATE_PRODUCT = YES;
			};
			name = Release;
		};
		34A8D7B5218DEE5F00640084 /* Debug */ = {
			isa = XCBuildConfiguration;
			baseConfigurationReference = A9FDC962C879FB4F8D58569A /* Pods-BetterPolitics.debug.xcconfig */;
			buildSettings = {
				ASSETCATALOG_COMPILER_APPICON_NAME = AppIcon;
				CODE_SIGN_STYLE = Automatic;
				DEVELOPMENT_TEAM = MCRTE5CC2K;
				INFOPLIST_FILE = BetterPolitics/Info.plist;
				LD_RUNPATH_SEARCH_PATHS = "$(inherited) @executable_path/Frameworks";
				PRODUCT_BUNDLE_IDENTIFIER = com.uapps.BetterPolitics;
				PRODUCT_NAME = "$(TARGET_NAME)";
				SWIFT_VERSION = 4.2;
				TARGETED_DEVICE_FAMILY = "1,2";
			};
			name = Debug;
		};
		34A8D7B6218DEE5F00640084 /* Release */ = {
			isa = XCBuildConfiguration;
			baseConfigurationReference = E87C2B13C683317BBAF49140 /* Pods-BetterPolitics.release.xcconfig */;
			buildSettings = {
				ASSETCATALOG_COMPILER_APPICON_NAME = AppIcon;
				CODE_SIGN_STYLE = Automatic;
				DEVELOPMENT_TEAM = MCRTE5CC2K;
				INFOPLIST_FILE = BetterPolitics/Info.plist;
				LD_RUNPATH_SEARCH_PATHS = "$(inherited) @executable_path/Frameworks";
				PRODUCT_BUNDLE_IDENTIFIER = com.uapps.BetterPolitics;
				PRODUCT_NAME = "$(TARGET_NAME)";
				SWIFT_VERSION = 4.2;
				TARGETED_DEVICE_FAMILY = "1,2";
			};
			name = Release;
		};
/* End XCBuildConfiguration section */

/* Begin XCConfigurationList section */
		34A8D79D218DEE5D00640084 /* Build configuration list for PBXProject "BetterPolitics" */ = {
			isa = XCConfigurationList;
			buildConfigurations = (
				34A8D7B2218DEE5F00640084 /* Debug */,
				34A8D7B3218DEE5F00640084 /* Release */,
			);
			defaultConfigurationIsVisible = 0;
			defaultConfigurationName = Release;
		};
		34A8D7B4218DEE5F00640084 /* Build configuration list for PBXNativeTarget "BetterPolitics" */ = {
			isa = XCConfigurationList;
			buildConfigurations = (
				34A8D7B5218DEE5F00640084 /* Debug */,
				34A8D7B6218DEE5F00640084 /* Release */,
			);
			defaultConfigurationIsVisible = 0;
			defaultConfigurationName = Release;
		};
/* End XCConfigurationList section */
	};
	rootObject = 34A8D79A218DEE5D00640084 /* Project object */;
}
